
Microsoft Visual Studio Solution File, Format Version 12.00
# Visual Studio Version 17
VisualStudioVersion = 17.0.32112.339
MinimumVisualStudioVersion = 10.0.40219.1
Project("{FAE04EC0-301F-11D3-BF4B-00C04F79EFBC}") = "Clusterer", "Clusterer\Clusterer.csproj", "{FA704011-5742-45CC-A7DD-20F58DE93F8A}"
EndProject
Global
	GlobalSection(SolutionConfigurationPlatforms) = preSolution
		Debug|Any CPU = Debug|Any CPU
		Release|Any CPU = Release|Any CPU
	EndGlobalSection
	GlobalSection(ProjectConfigurationPlatforms) = postSolution
		{FA704011-5742-45CC-A7DD-20F58DE93F8A}.Debug|Any CPU.ActiveCfg = Debug|Any CPU
		{FA704011-5742-45CC-A7DD-20F58DE93F8A}.Debug|Any CPU.Build.0 = Debug|Any CPU
		{FA704011-5742-45CC-A7DD-20F58DE93F8A}.Release|Any CPU.ActiveCfg = Release|Any CPU
		{FA704011-5742-45CC-A7DD-20F58DE93F8A}.Release|Any CPU.Build.0 = Release|Any CPU
	EndGlobalSection
	GlobalSection(SolutionProperties) = preSolution
		HideSolutionNode = FALSE
	EndGlobalSection
	GlobalSection(ExtensibilityGlobals) = postSolution
		SolutionGuid = {8D769CCF-AA21-4E4B-BAEF-FB830DD1E45C}
	EndGlobalSection
EndGlobal
